{
  "originHash" : "19f39fb596d53924932fe964e6b45be6f722e1789bb6a638c0d39fd91c850886",
  "pins" : [
    {
      "identity" : "capacitor-swift-pm",
      "kind" : "remoteSourceControl",
      "location" : "https://github.com/ionic-team/capacitor-swift-pm.git",
      "state" : {
        "revision" : "1f324fe7bdbdc8c5cc28bea48a231545a8c2e823",
        "version" : "8.1.0"
      }
    }
  ],
  "version" : 3
}
